# This file is autogenerated, do not edit; changes may be undone by the next 'dep ensure'.


[[projects]]
  name = "github.com/cenkalti/backoff"
  packages = ["."]
  revision = "2ea60e5f094469f9e65adb9cd103795b73ae743e"
  version = "v2.0.0"

[[projects]]
  branch = "master"
  name = "golang.org/x/net"
  packages = ["context"]
  revision = "49bb7cea24b1df9410e1712aa6433dae904ff66a"

[solve-meta]
  analyzer-name = "dep"
  analyzer-version = 1
  inputs-digest = "56c41f07c7670e58a8b07aa90e7c7a598f5cde60c9905bfa3e1676d54ab3bd57"
  solver-name = "gps-cdcl"
  solver-version = 1
